
Microsoft Visual Studio Solution File, Format Version 12.00
# Visual Studio Version 16
VisualStudioVersion = 16.0.29215.179
MinimumVisualStudioVersion = 10.0.40219.1
Project("{FAE04EC0-301F-11D3-BF4B-00C04F79EFBC}") = "ExercicioFixacao04_EstruturaCondicional06", "ExercicioFixacao04_EstruturaCondicional06\ExercicioFixacao04_EstruturaCondicional06.csproj", "{97B70DEE-2A90-45F1-9B30-AFFCE36DF8D1}"
EndProject
Global
	GlobalSection(SolutionConfigurationPlatforms) = preSolution
		Debug|Any CPU = Debug|Any CPU
		Release|Any CPU = Release|Any CPU
	EndGlobalSection
	GlobalSection(ProjectConfigurationPlatforms) = postSolution
		{97B70DEE-2A90-45F1-9B30-AFFCE36DF8D1}.Debug|Any CPU.ActiveCfg = Debug|Any CPU
		{97B70DEE-2A90-45F1-9B30-AFFCE36DF8D1}.Debug|Any CPU.Build.0 = Debug|Any CPU
		{97B70DEE-2A90-45F1-9B30-AFFCE36DF8D1}.Release|Any CPU.ActiveCfg = Release|Any CPU
		{97B70DEE-2A90-45F1-9B30-AFFCE36DF8D1}.Release|Any CPU.Build.0 = Release|Any CPU
	EndGlobalSection
	GlobalSection(SolutionProperties) = preSolution
		HideSolutionNode = FALSE
	EndGlobalSection
	GlobalSection(ExtensibilityGlobals) = postSolution
		SolutionGuid = {A232C9E6-B001-41AC-B62F-3BB4830922CD}
	EndGlobalSection
EndGlobal
