
Microsoft Visual Studio Solution File, Format Version 12.00
# Visual Studio Version 16
VisualStudioVersion = 16.0.29215.179
MinimumVisualStudioVersion = 10.0.40219.1
Project("{FAE04EC0-301F-11D3-BF4B-00C04F79EFBC}") = "exerciciosFixacao05_EstruturaRepeticao_For3", "exerciciosFixacao05_EstruturaRepeticao_For3\exerciciosFixacao05_EstruturaRepeticao_For3.csproj", "{3270D867-3AA6-43A3-AA0D-510ABD33B2B5}"
EndProject
Global
	GlobalSection(SolutionConfigurationPlatforms) = preSolution
		Debug|Any CPU = Debug|Any CPU
		Release|Any CPU = Release|Any CPU
	EndGlobalSection
	GlobalSection(ProjectConfigurationPlatforms) = postSolution
		{3270D867-3AA6-43A3-AA0D-510ABD33B2B5}.Debug|Any CPU.ActiveCfg = Debug|Any CPU
		{3270D867-3AA6-43A3-AA0D-510ABD33B2B5}.Debug|Any CPU.Build.0 = Debug|Any CPU
		{3270D867-3AA6-43A3-AA0D-510ABD33B2B5}.Release|Any CPU.ActiveCfg = Release|Any CPU
		{3270D867-3AA6-43A3-AA0D-510ABD33B2B5}.Release|Any CPU.Build.0 = Release|Any CPU
	EndGlobalSection
	GlobalSection(SolutionProperties) = preSolution
		HideSolutionNode = FALSE
	EndGlobalSection
	GlobalSection(ExtensibilityGlobals) = postSolution
		SolutionGuid = {708BF023-A3E2-4039-BAFA-196A327968CF}
	EndGlobalSection
EndGlobal
