
Microsoft Visual Studio Solution File, Format Version 12.00
# Visual Studio Version 16
VisualStudioVersion = 16.0.29215.179
MinimumVisualStudioVersion = 10.0.40219.1
Project("{FAE04EC0-301F-11D3-BF4B-00C04F79EFBC}") = "exerciciosFixacao04_EstruturaCondicional04", "exerciciosFixacao04_EstruturaCondicional04\exerciciosFixacao04_EstruturaCondicional04.csproj", "{4549A1BA-15D1-4C1F-B9CA-ABDEAC6AD9EA}"
EndProject
Global
	GlobalSection(SolutionConfigurationPlatforms) = preSolution
		Debug|Any CPU = Debug|Any CPU
		Release|Any CPU = Release|Any CPU
	EndGlobalSection
	GlobalSection(ProjectConfigurationPlatforms) = postSolution
		{4549A1BA-15D1-4C1F-B9CA-ABDEAC6AD9EA}.Debug|Any CPU.ActiveCfg = Debug|Any CPU
		{4549A1BA-15D1-4C1F-B9CA-ABDEAC6AD9EA}.Debug|Any CPU.Build.0 = Debug|Any CPU
		{4549A1BA-15D1-4C1F-B9CA-ABDEAC6AD9EA}.Release|Any CPU.ActiveCfg = Release|Any CPU
		{4549A1BA-15D1-4C1F-B9CA-ABDEAC6AD9EA}.Release|Any CPU.Build.0 = Release|Any CPU
	EndGlobalSection
	GlobalSection(SolutionProperties) = preSolution
		HideSolutionNode = FALSE
	EndGlobalSection
	GlobalSection(ExtensibilityGlobals) = postSolution
		SolutionGuid = {F87AE934-E3E7-4F8C-A5F4-24D48AC5B930}
	EndGlobalSection
EndGlobal
