
Microsoft Visual Studio Solution File, Format Version 12.00
# Visual Studio Version 16
VisualStudioVersion = 16.0.29215.179
MinimumVisualStudioVersion = 10.0.40219.1
Project("{FAE04EC0-301F-11D3-BF4B-00C04F79EFBC}") = "exerciciosFixacao05_EstruturaRepeticao_While03", "exerciciosFixacao05_EstruturaRepeticao_While03\exerciciosFixacao05_EstruturaRepeticao_While03.csproj", "{F56E575F-D33A-4905-AB9A-813F349232E0}"
EndProject
Global
	GlobalSection(SolutionConfigurationPlatforms) = preSolution
		Debug|Any CPU = Debug|Any CPU
		Release|Any CPU = Release|Any CPU
	EndGlobalSection
	GlobalSection(ProjectConfigurationPlatforms) = postSolution
		{F56E575F-D33A-4905-AB9A-813F349232E0}.Debug|Any CPU.ActiveCfg = Debug|Any CPU
		{F56E575F-D33A-4905-AB9A-813F349232E0}.Debug|Any CPU.Build.0 = Debug|Any CPU
		{F56E575F-D33A-4905-AB9A-813F349232E0}.Release|Any CPU.ActiveCfg = Release|Any CPU
		{F56E575F-D33A-4905-AB9A-813F349232E0}.Release|Any CPU.Build.0 = Release|Any CPU
	EndGlobalSection
	GlobalSection(SolutionProperties) = preSolution
		HideSolutionNode = FALSE
	EndGlobalSection
	GlobalSection(ExtensibilityGlobals) = postSolution
		SolutionGuid = {45B1A636-856A-4FDB-B334-D97908D4C890}
	EndGlobalSection
EndGlobal
