
Microsoft Visual Studio Solution File, Format Version 12.00
# Visual Studio Version 16
VisualStudioVersion = 16.0.29215.179
MinimumVisualStudioVersion = 10.0.40219.1
Project("{FAE04EC0-301F-11D3-BF4B-00C04F79EFBC}") = "ExercicioFixacao03_EstruturaSequencial03", "ExercicioFixacao03_EstruturaSequencial03\ExercicioFixacao03_EstruturaSequencial03.csproj", "{14D75708-D4B2-4246-A98D-AEF9E0B00A84}"
EndProject
Global
	GlobalSection(SolutionConfigurationPlatforms) = preSolution
		Debug|Any CPU = Debug|Any CPU
		Release|Any CPU = Release|Any CPU
	EndGlobalSection
	GlobalSection(ProjectConfigurationPlatforms) = postSolution
		{14D75708-D4B2-4246-A98D-AEF9E0B00A84}.Debug|Any CPU.ActiveCfg = Debug|Any CPU
		{14D75708-D4B2-4246-A98D-AEF9E0B00A84}.Debug|Any CPU.Build.0 = Debug|Any CPU
		{14D75708-D4B2-4246-A98D-AEF9E0B00A84}.Release|Any CPU.ActiveCfg = Release|Any CPU
		{14D75708-D4B2-4246-A98D-AEF9E0B00A84}.Release|Any CPU.Build.0 = Release|Any CPU
	EndGlobalSection
	GlobalSection(SolutionProperties) = preSolution
		HideSolutionNode = FALSE
	EndGlobalSection
	GlobalSection(ExtensibilityGlobals) = postSolution
		SolutionGuid = {CE1E9C9B-2B2D-4617-8099-8A283CD0B9D7}
	EndGlobalSection
EndGlobal
