
Microsoft Visual Studio Solution File, Format Version 12.00
# Visual Studio Version 16
VisualStudioVersion = 16.0.29215.179
MinimumVisualStudioVersion = 10.0.40219.1
Project("{FAE04EC0-301F-11D3-BF4B-00C04F79EFBC}") = "exerciciosFixacao04_EstruturaCondicional05", "exerciciosFixacao04_EstruturaCondicional05\exerciciosFixacao04_EstruturaCondicional05.csproj", "{FEC18286-B23D-4408-B3CA-8FD3CF7B79BE}"
EndProject
Global
	GlobalSection(SolutionConfigurationPlatforms) = preSolution
		Debug|Any CPU = Debug|Any CPU
		Release|Any CPU = Release|Any CPU
	EndGlobalSection
	GlobalSection(ProjectConfigurationPlatforms) = postSolution
		{FEC18286-B23D-4408-B3CA-8FD3CF7B79BE}.Debug|Any CPU.ActiveCfg = Debug|Any CPU
		{FEC18286-B23D-4408-B3CA-8FD3CF7B79BE}.Debug|Any CPU.Build.0 = Debug|Any CPU
		{FEC18286-B23D-4408-B3CA-8FD3CF7B79BE}.Release|Any CPU.ActiveCfg = Release|Any CPU
		{FEC18286-B23D-4408-B3CA-8FD3CF7B79BE}.Release|Any CPU.Build.0 = Release|Any CPU
	EndGlobalSection
	GlobalSection(SolutionProperties) = preSolution
		HideSolutionNode = FALSE
	EndGlobalSection
	GlobalSection(ExtensibilityGlobals) = postSolution
		SolutionGuid = {89FB02AC-7DAD-4554-9CE0-AC7A37552960}
	EndGlobalSection
EndGlobal
