
Microsoft Visual Studio Solution File, Format Version 12.00
# Visual Studio Version 16
VisualStudioVersion = 16.0.29215.179
MinimumVisualStudioVersion = 10.0.40219.1
Project("{FAE04EC0-301F-11D3-BF4B-00C04F79EFBC}") = "exerciciosFixacao05_EstruturaRepeticao_For5", "exerciciosFixacao05_EstruturaRepeticao_For5\exerciciosFixacao05_EstruturaRepeticao_For5.csproj", "{B117E6A1-A91D-4092-8E26-72DA5B80607B}"
EndProject
Global
	GlobalSection(SolutionConfigurationPlatforms) = preSolution
		Debug|Any CPU = Debug|Any CPU
		Release|Any CPU = Release|Any CPU
	EndGlobalSection
	GlobalSection(ProjectConfigurationPlatforms) = postSolution
		{B117E6A1-A91D-4092-8E26-72DA5B80607B}.Debug|Any CPU.ActiveCfg = Debug|Any CPU
		{B117E6A1-A91D-4092-8E26-72DA5B80607B}.Debug|Any CPU.Build.0 = Debug|Any CPU
		{B117E6A1-A91D-4092-8E26-72DA5B80607B}.Release|Any CPU.ActiveCfg = Release|Any CPU
		{B117E6A1-A91D-4092-8E26-72DA5B80607B}.Release|Any CPU.Build.0 = Release|Any CPU
	EndGlobalSection
	GlobalSection(SolutionProperties) = preSolution
		HideSolutionNode = FALSE
	EndGlobalSection
	GlobalSection(ExtensibilityGlobals) = postSolution
		SolutionGuid = {BE6D89AC-4B8A-4193-A125-421E1983E030}
	EndGlobalSection
EndGlobal
